
Microsoft Visual Studio Solution File, Format Version 12.00
# Visual Studio 14
VisualStudioVersion = 14.0.24720.0
MinimumVisualStudioVersion = 10.0.40219.1
Project("{FAE04EC0-301F-11D3-BF4B-00C04F79EFBC}") = "Utils", "DBTools\Utils.csproj", "{DC6D7535-5879-40CF-9D06-637E74E43D69}"
EndProject
Project("{FAE04EC0-301F-11D3-BF4B-00C04F79EFBC}") = "RubyService", "RubyService\RubyService.csproj", "{5EC76260-F327-4B4A-A7E9-BA39228622D2}"
EndProject
Project("{6141683F-8A12-4E36-9623-2EB02B2C2303}") = "Setup", "Setup\Setup.isproj", "{E8EA9886-C758-4716-8BEE-67E31C516B0B}"
	ProjectSection(ProjectDependencies) = postProject
		{5EC76260-F327-4B4A-A7E9-BA39228622D2} = {5EC76260-F327-4B4A-A7E9-BA39228622D2}
	EndProjectSection
EndProject
Global
	GlobalSection(SolutionConfigurationPlatforms) = preSolution
		CD_ROM|Any CPU = CD_ROM|Any CPU
		Debug|Any CPU = Debug|Any CPU
		DVD-5|Any CPU = DVD-5|Any CPU
		Release|Any CPU = Release|Any CPU
		SingleImage|Any CPU = SingleImage|Any CPU
	EndGlobalSection
	GlobalSection(ProjectConfigurationPlatforms) = postSolution
		{DC6D7535-5879-40CF-9D06-637E74E43D69}.CD_ROM|Any CPU.ActiveCfg = Release|Any CPU
		{DC6D7535-5879-40CF-9D06-637E74E43D69}.CD_ROM|Any CPU.Build.0 = Release|Any CPU
		{DC6D7535-5879-40CF-9D06-637E74E43D69}.Debug|Any CPU.ActiveCfg = Debug|Any CPU
		{DC6D7535-5879-40CF-9D06-637E74E43D69}.Debug|Any CPU.Build.0 = Debug|Any CPU
		{DC6D7535-5879-40CF-9D06-637E74E43D69}.DVD-5|Any CPU.ActiveCfg = Debug|Any CPU
		{DC6D7535-5879-40CF-9D06-637E74E43D69}.DVD-5|Any CPU.Build.0 = Debug|Any CPU
		{DC6D7535-5879-40CF-9D06-637E74E43D69}.Release|Any CPU.ActiveCfg = Release|Any CPU
		{DC6D7535-5879-40CF-9D06-637E74E43D69}.Release|Any CPU.Build.0 = Release|Any CPU
		{DC6D7535-5879-40CF-9D06-637E74E43D69}.SingleImage|Any CPU.ActiveCfg = Release|Any CPU
		{DC6D7535-5879-40CF-9D06-637E74E43D69}.SingleImage|Any CPU.Build.0 = Release|Any CPU
		{5EC76260-F327-4B4A-A7E9-BA39228622D2}.CD_ROM|Any CPU.ActiveCfg = Release|Any CPU
		{5EC76260-F327-4B4A-A7E9-BA39228622D2}.CD_ROM|Any CPU.Build.0 = Release|Any CPU
		{5EC76260-F327-4B4A-A7E9-BA39228622D2}.Debug|Any CPU.ActiveCfg = Debug|Any CPU
		{5EC76260-F327-4B4A-A7E9-BA39228622D2}.Debug|Any CPU.Build.0 = Debug|Any CPU
		{5EC76260-F327-4B4A-A7E9-BA39228622D2}.DVD-5|Any CPU.ActiveCfg = Debug|Any CPU
		{5EC76260-F327-4B4A-A7E9-BA39228622D2}.DVD-5|Any CPU.Build.0 = Debug|Any CPU
		{5EC76260-F327-4B4A-A7E9-BA39228622D2}.Release|Any CPU.ActiveCfg = Release|Any CPU
		{5EC76260-F327-4B4A-A7E9-BA39228622D2}.Release|Any CPU.Build.0 = Release|Any CPU
		{5EC76260-F327-4B4A-A7E9-BA39228622D2}.SingleImage|Any CPU.ActiveCfg = Release|Any CPU
		{5EC76260-F327-4B4A-A7E9-BA39228622D2}.SingleImage|Any CPU.Build.0 = Release|Any CPU
		{E8EA9886-C758-4716-8BEE-67E31C516B0B}.CD_ROM|Any CPU.ActiveCfg = CD_ROM
		{E8EA9886-C758-4716-8BEE-67E31C516B0B}.CD_ROM|Any CPU.Build.0 = CD_ROM
		{E8EA9886-C758-4716-8BEE-67E31C516B0B}.Debug|Any CPU.ActiveCfg = DVD-5
		{E8EA9886-C758-4716-8BEE-67E31C516B0B}.Debug|Any CPU.Build.0 = DVD-5
		{E8EA9886-C758-4716-8BEE-67E31C516B0B}.DVD-5|Any CPU.ActiveCfg = DVD-5
		{E8EA9886-C758-4716-8BEE-67E31C516B0B}.DVD-5|Any CPU.Build.0 = DVD-5
		{E8EA9886-C758-4716-8BEE-67E31C516B0B}.Release|Any CPU.ActiveCfg = SingleImage
		{E8EA9886-C758-4716-8BEE-67E31C516B0B}.Release|Any CPU.Build.0 = SingleImage
		{E8EA9886-C758-4716-8BEE-67E31C516B0B}.SingleImage|Any CPU.ActiveCfg = SingleImage
		{E8EA9886-C758-4716-8BEE-67E31C516B0B}.SingleImage|Any CPU.Build.0 = SingleImage
	EndGlobalSection
	GlobalSection(SolutionProperties) = preSolution
		HideSolutionNode = FALSE
	EndGlobalSection
EndGlobal
